
Microsoft Visual Studio Solution File, Format Version 12.00
# Visual Studio Version 17
VisualStudioVersion = 17.13.35931.197 d17.13
MinimumVisualStudioVersion = 10.0.40219.1
Project("{FAE04EC0-301F-11D3-BF4B-00C04F79EFBC}") = "ConsoleApp1", "ConsoleApp1\ConsoleApp1.csproj", "{19D81B43-66D9-4139-90DB-5C74347AE1ED}"
EndProject
Global
	GlobalSection(SolutionConfigurationPlatforms) = preSolution
		Debug|Any CPU = Debug|Any CPU
		Release|Any CPU = Release|Any CPU
	EndGlobalSection
	GlobalSection(ProjectConfigurationPlatforms) = postSolution
		{19D81B43-66D9-4139-90DB-5C74347AE1ED}.Debug|Any CPU.ActiveCfg = Debug|Any CPU
		{19D81B43-66D9-4139-90DB-5C74347AE1ED}.Debug|Any CPU.Build.0 = Debug|Any CPU
		{19D81B43-66D9-4139-90DB-5C74347AE1ED}.Release|Any CPU.ActiveCfg = Release|Any CPU
		{19D81B43-66D9-4139-90DB-5C74347AE1ED}.Release|Any CPU.Build.0 = Release|Any CPU
	EndGlobalSection
	GlobalSection(SolutionProperties) = preSolution
		HideSolutionNode = FALSE
	EndGlobalSection
	GlobalSection(ExtensibilityGlobals) = postSolution
		SolutionGuid = {36B2169C-C8A8-4603-8A1E-575F799F4175}
	EndGlobalSection
EndGlobal
